
Microsoft Visual Studio Solution File, Format Version 12.00
# Visual Studio Version 16
VisualStudioVersion = 16.0.29728.190
MinimumVisualStudioVersion = 10.0.40219.1
Project("{FAE04EC0-301F-11D3-BF4B-00C04F79EFBC}") = "newStudentEnquiry", "newStudentEnquiry.csproj", "{767BFF62-BD4B-4FAC-85E6-FA24203C0A97}"
EndProject
Global
	GlobalSection(SolutionConfigurationPlatforms) = preSolution
		Debug|Any CPU = Debug|Any CPU
		Release|Any CPU = Release|Any CPU
	EndGlobalSection
	GlobalSection(ProjectConfigurationPlatforms) = postSolution
		{767BFF62-BD4B-4FAC-85E6-FA24203C0A97}.Debug|Any CPU.ActiveCfg = Debug|Any CPU
		{767BFF62-BD4B-4FAC-85E6-FA24203C0A97}.Debug|Any CPU.Build.0 = Debug|Any CPU
		{767BFF62-BD4B-4FAC-85E6-FA24203C0A97}.Release|Any CPU.ActiveCfg = Release|Any CPU
		{767BFF62-BD4B-4FAC-85E6-FA24203C0A97}.Release|Any CPU.Build.0 = Release|Any CPU
	EndGlobalSection
	GlobalSection(SolutionProperties) = preSolution
		HideSolutionNode = FALSE
	EndGlobalSection
	GlobalSection(ExtensibilityGlobals) = postSolution
		SolutionGuid = {4011D127-E127-4C8F-AFD2-2E59B0D0955A}
	EndGlobalSection
EndGlobal
